// !$*UTF8*$!
{
	archiveVersion = 1;
	classes = {
	};
	objectVersion = 50;
	objects = {

/* Begin PBXBuildFile section */
		7E04916621F4D51500D498A3 /* ColorExtension.swift in Sources */ = {isa = PBXBuildFile; fileRef = 7E04916521F4D51500D498A3 /* ColorExtension.swift */; };
		7E0EE11E21F3D62C001ACE20 /* AppDelegate.swift in Sources */ = {isa = PBXBuildFile; fileRef = 7E0EE11D21F3D62C001ACE20 /* AppDelegate.swift */; };
		7E0EE12021F3D62C001ACE20 /* MainViewController.swift in Sources */ = {isa = PBXBuildFile; fileRef = 7E0EE11F21F3D62C001ACE20 /* MainViewController.swift */; };
		7E0EE12321F3D62C001ACE20 /* Main.storyboard in Resources */ = {isa = PBXBuildFile; fileRef = 7E0EE12121F3D62C001ACE20 /* Main.storyboard */; };
		7E0EE12521F3D62E001ACE20 /* Assets.xcassets in Resources */ = {isa = PBXBuildFile; fileRef = 7E0EE12421F3D62E001ACE20 /* Assets.xcassets */; };
		7E0EE12821F3D62E001ACE20 /* LaunchScreen.storyboard in Resources */ = {isa = PBXBuildFile; fileRef = 7E0EE12621F3D62E001ACE20 /* LaunchScreen.storyboard */; };
		7E0EE13221F3DA97001ACE20 /* DetailBookTableViewCell.swift in Sources */ = {isa = PBXBuildFile; fileRef = 7E0EE13121F3DA97001ACE20 /* DetailBookTableViewCell.swift */; };
		7E0EE13421F400D9001ACE20 /* Book.swift in Sources */ = {isa = PBXBuildFile; fileRef = 7E0EE13321F400D9001ACE20 /* Book.swift */; };
		7E0EE13621F40166001ACE20 /* XMLParser.swift in Sources */ = {isa = PBXBuildFile; fileRef = 7E0EE13521F40166001ACE20 /* XMLParser.swift */; };
		7EFDD25821F5074400520D12 /* ApiHelpers.swift in Sources */ = {isa = PBXBuildFile; fileRef = 7EFDD25721F5074400520D12 /* ApiHelpers.swift */; };
/* End PBXBuildFile section */

/* Begin PBXFileReference section */
		7E04916521F4D51500D498A3 /* ColorExtension.swift */ = {isa = PBXFileReference; lastKnownFileType = sourcecode.swift; path = ColorExtension.swift; sourceTree = "<group>"; };
		7E0EE11A21F3D62C001ACE20 /* RSSReader.app */ = {isa = PBXFileReference; explicitFileType = wrapper.application; includeInIndex = 0; path = RSSReader.app; sourceTree = BUILT_PRODUCTS_DIR; };
		7E0EE11D21F3D62C001ACE20 /* AppDelegate.swift */ = {isa = PBXFileReference; lastKnownFileType = sourcecode.swift; path = AppDelegate.swift; sourceTree = "<group>"; };
		7E0EE11F21F3D62C001ACE20 /* MainViewController.swift */ = {isa = PBXFileReference; lastKnownFileType = sourcecode.swift; path = MainViewController.swift; sourceTree = "<group>"; };
		7E0EE12221F3D62C001ACE20 /* Base */ = {isa = PBXFileReference; lastKnownFileType = file.storyboard; name = Base; path = Base.lproj/Main.storyboard; sourceTree = "<group>"; };
		7E0EE12421F3D62E001ACE20 /* Assets.xcassets */ = {isa = PBXFileReference; lastKnownFileType = folder.assetcatalog; path = Assets.xcassets; sourceTree = "<group>"; };
		7E0EE12721F3D62E001ACE20 /* Base */ = {isa = PBXFileReference; lastKnownFileType = file.storyboard; name = Base; path = Base.lproj/LaunchScreen.storyboard; sourceTree = "<group>"; };
		7E0EE12921F3D62E001ACE20 /* Info.plist */ = {isa = PBXFileReference; lastKnownFileType = text.plist.xml; path = Info.plist; sourceTree = "<group>"; };
		7E0EE13121F3DA97001ACE20 /* DetailBookTableViewCell.swift */ = {isa = PBXFileReference; lastKnownFileType = sourcecode.swift; path = DetailBookTableViewCell.swift; sourceTree = "<group>"; };
		7E0EE13321F400D9001ACE20 /* Book.swift */ = {isa = PBXFileReference; lastKnownFileType = sourcecode.swift; path = Book.swift; sourceTree = "<group>"; };
		7E0EE13521F40166001ACE20 /* XMLParser.swift */ = {isa = PBXFileReference; lastKnownFileType = sourcecode.swift; path = XMLParser.swift; sourceTree = "<group>"; };
		7EFDD25721F5074400520D12 /* ApiHelpers.swift */ = {isa = PBXFileReference; lastKnownFileType = sourcecode.swift; path = ApiHelpers.swift; sourceTree = "<group>"; };
/* End PBXFileReference section */

/* Begin PBXFrameworksBuildPhase section */
		7E0EE11721F3D62C001ACE20 /* Frameworks */ = {
			isa = PBXFrameworksBuildPhase;
			buildActionMask = 2147483647;
			files = (
			);
			runOnlyForDeploymentPostprocessing = 0;
		};
/* End PBXFrameworksBuildPhase section */

/* Begin PBXGroup section */
		7E0EE11121F3D62C001ACE20 = {
			isa = PBXGroup;
			children = (
				7E0EE11C21F3D62C001ACE20 /* RSSReader */,
				7E0EE11B21F3D62C001ACE20 /* Products */,
			);
			sourceTree = "<group>";
		};
		7E0EE11B21F3D62C001ACE20 /* Products */ = {
			isa = PBXGroup;
			children = (
				7E0EE11A21F3D62C001ACE20 /* RSSReader.app */,
			);
			name = Products;
			sourceTree = "<group>";
		};
		7E0EE11C21F3D62C001ACE20 /* RSSReader */ = {
			isa = PBXGroup;
			children = (
				7E0EE13021F3D8E1001ACE20 /* Helpers */,
				7E0EE12F21F3D8C3001ACE20 /* Controllers */,
				7E0EE11D21F3D62C001ACE20 /* AppDelegate.swift */,
				7E0EE12121F3D62C001ACE20 /* Main.storyboard */,
				7E0EE12421F3D62E001ACE20 /* Assets.xcassets */,
				7E0EE12621F3D62E001ACE20 /* LaunchScreen.storyboard */,
				7E0EE12921F3D62E001ACE20 /* Info.plist */,
				7E0EE13121F3DA97001ACE20 /* DetailBookTableViewCell.swift */,
				7E0EE13321F400D9001ACE20 /* Book.swift */,
				7E0EE13521F40166001ACE20 /* XMLParser.swift */,
				7E04916521F4D51500D498A3 /* ColorExtension.swift */,
			);
			path = RSSReader;
			sourceTree = "<group>";
		};
		7E0EE12F21F3D8C3001ACE20 /* Controllers */ = {
			isa = PBXGroup;
			children = (
				7E0EE11F21F3D62C001ACE20 /* MainViewController.swift */,
			);
			path = Controllers;
			sourceTree = "<group>";
		};
		7E0EE13021F3D8E1001ACE20 /* Helpers */ = {
			isa = PBXGroup;
			children = (
				7EFDD25721F5074400520D12 /* ApiHelpers.swift */,
			);
			path = Helpers;
			sourceTree = "<group>";
		};
/* End PBXGroup section */

/* Begin PBXNativeTarget section */
		7E0EE11921F3D62C001ACE20 /* RSSReader */ = {
			isa = PBXNativeTarget;
			buildConfigurationList = 7E0EE12C21F3D62E001ACE20 /* Build configuration list for PBXNativeTarget "RSSReader" */;
			buildPhases = (
				7E0EE11621F3D62C001ACE20 /* Sources */,
				7E0EE11721F3D62C001ACE20 /* Frameworks */,
				7E0EE11821F3D62C001ACE20 /* Resources */,
			);
			buildRules = (
			);
			dependencies = (
			);
			name = RSSReader;
			productName = RSSReader;
			productReference = 7E0EE11A21F3D62C001ACE20 /* RSSReader.app */;
			productType = "com.apple.product-type.application";
		};
/* End PBXNativeTarget section */

/* Begin PBXProject section */
		7E0EE11221F3D62C001ACE20 /* Project object */ = {
			isa = PBXProject;
			attributes = {
				LastSwiftUpdateCheck = 1010;
				LastUpgradeCheck = 1010;
				ORGANIZATIONNAME = "Andrii Pyvovarov";
				TargetAttributes = {
					7E0EE11921F3D62C001ACE20 = {
						CreatedOnToolsVersion = 10.1;
					};
				};
			};
			buildConfigurationList = 7E0EE11521F3D62C001ACE20 /* Build configuration list for PBXProject "RSSReader" */;
			compatibilityVersion = "Xcode 9.3";
			developmentRegion = en;
			hasScannedForEncodings = 0;
			knownRegions = (
				en,
				Base,
			);
			mainGroup = 7E0EE11121F3D62C001ACE20;
			productRefGroup = 7E0EE11B21F3D62C001ACE20 /* Products */;
			projectDirPath = "";
			projectRoot = "";
			targets = (
				7E0EE11921F3D62C001ACE20 /* RSSReader */,
			);
		};
/* End PBXProject section */

/* Begin PBXResourcesBuildPhase section */
		7E0EE11821F3D62C001ACE20 /* Resources */ = {
			isa = PBXResourcesBuildPhase;
			buildActionMask = 2147483647;
			files = (
				7E0EE12821F3D62E001ACE20 /* LaunchScreen.storyboard in Resources */,
				7E0EE12521F3D62E001ACE20 /* Assets.xcassets in Resources */,
				7E0EE12321F3D62C001ACE20 /* Main.storyboard in Resources */,
			);
			runOnlyForDeploymentPostprocessing = 0;
		};
/* End PBXResourcesBuildPhase section */

/* Begin PBXSourcesBuildPhase section */
		7E0EE11621F3D62C001ACE20 /* Sources */ = {
			isa = PBXSourcesBuildPhase;
			buildActionMask = 2147483647;
			files = (
				7E0EE13421F400D9001ACE20 /* Book.swift in Sources */,
				7E0EE12021F3D62C001ACE20 /* MainViewController.swift in Sources */,
				7E0EE13221F3DA97001ACE20 /* DetailBookTableViewCell.swift in Sources */,
				7E0EE11E21F3D62C001ACE20 /* AppDelegate.swift in Sources */,
				7EFDD25821F5074400520D12 /* ApiHelpers.swift in Sources */,
				7E04916621F4D51500D498A3 /* ColorExtension.swift in Sources */,
				7E0EE13621F40166001ACE20 /* XMLParser.swift in Sources */,
			);
			runOnlyForDeploymentPostprocessing = 0;
		};
/* End PBXSourcesBuildPhase section */

/* Begin PBXVariantGroup section */
		7E0EE12121F3D62C001ACE20 /* Main.storyboard */ = {
			isa = PBXVariantGroup;
			children = (
				7E0EE12221F3D62C001ACE20 /* Base */,
			);
			name = Main.storyboard;
			sourceTree = "<group>";
		};
		7E0EE12621F3D62E001ACE20 /* LaunchScreen.storyboard */ = {
			isa = PBXVariantGroup;
			children = (
				7E0EE12721F3D62E001ACE20 /* Base */,
			);
			name = LaunchScreen.storyboard;
			sourceTree = "<group>";
		};
/* End PBXVariantGroup section */

/* Begin XCBuildConfiguration section */
		7E0EE12A21F3D62E001ACE20 /* Debug */ = {
			isa = XCBuildConfiguration;
			buildSettings = {
				ALWAYS_SEARCH_USER_PATHS = NO;
				CLANG_ANALYZER_NONNULL = YES;
				CLANG_ANALYZER_NUMBER_OBJECT_CONVERSION = YES_AGGRESSIVE;
				CLANG_CXX_LANGUAGE_STANDARD = "gnu++14";
				CLANG_CXX_LIBRARY = "libc++";
				CLANG_ENABLE_MODULES = YES;
				CLANG_ENABLE_OBJC_ARC = YES;
				CLANG_ENABLE_OBJC_WEAK = YES;
				CLANG_WARN_BLOCK_CAPTURE_AUTORELEASING = YES;
				CLANG_WARN_BOOL_CONVERSION = YES;
				CLANG_WARN_COMMA = YES;
				CLANG_WARN_CONSTANT_CONVERSION = YES;
				CLANG_WARN_DEPRECATED_OBJC_IMPLEMENTATIONS = YES;
				CLANG_WARN_DIRECT_OBJC_ISA_USAGE = YES_ERROR;
				CLANG_WARN_DOCUMENTATION_COMMENTS = YES;
				CLANG_WARN_EMPTY_BODY = YES;
				CLANG_WARN_ENUM_CONVERSION = YES;
				CLANG_WARN_INFINITE_RECURSION = YES;
				CLANG_WARN_INT_CONVERSION = YES;
				CLANG_WARN_NON_LITERAL_NULL_CONVERSION = YES;
				CLANG_WARN_OBJC_IMPLICIT_RETAIN_SELF = YES;
				CLANG_WARN_OBJC_LITERAL_CONVERSION = YES;
				CLANG_WARN_OBJC_ROOT_CLASS = YES_ERROR;
				CLANG_WARN_RANGE_LOOP_ANALYSIS = YES;
				CLANG_WARN_STRICT_PROTOTYPES = YES;
				CLANG_WARN_SUSPICIOUS_MOVE = YES;
				CLANG_WARN_UNGUARDED_AVAILABILITY = YES_AGGRESSIVE;
				CLANG_WARN_UNREACHABLE_CODE = YES;
				CLANG_WARN__DUPLICATE_METHOD_MATCH = YES;
				CODE_SIGN_IDENTITY = "iPhone Developer";
				COPY_PHASE_STRIP = NO;
				DEBUG_INFORMATION_FORMAT = dwarf;
				ENABLE_STRICT_OBJC_MSGSEND = YES;
				ENABLE_TESTABILITY = YES;
				GCC_C_LANGUAGE_STANDARD = gnu11;
				GCC_DYNAMIC_NO_PIC = NO;
				GCC_NO_COMMON_BLOCKS = YES;
				GCC_OPTIMIZATION_LEVEL = 0;
				GCC_PREPROCESSOR_DEFINITIONS = (
					"DEBUG=1",
					"$(inherited)",
				);
				GCC_WARN_64_TO_32_BIT_CONVERSION = YES;
				GCC_WARN_ABOUT_RETURN_TYPE = YES_ERROR;
				GCC_WARN_UNDECLARED_SELECTOR = YES;
				GCC_WARN_UNINITIALIZED_AUTOS = YES_AGGRESSIVE;
				GCC_WARN_UNUSED_FUNCTION = YES;
				GCC_WARN_UNUSED_VARIABLE = YES;
				IPHONEOS_DEPLOYMENT_TARGET = 12.1;
				MTL_ENABLE_DEBUG_INFO = INCLUDE_SOURCE;
				MTL_FAST_MATH = YES;
				ONLY_ACTIVE_ARCH = YES;
				SDKROOT = iphoneos;
				SWIFT_ACTIVE_COMPILATION_CONDITIONS = DEBUG;
				SWIFT_OPTIMIZATION_LEVEL = "-Onone";
			};
			name = Debug;
		};
		7E0EE12B21F3D62E001ACE20 /* Release */ = {
			isa = XCBuildConfiguration;
			buildSettings = {
				ALWAYS_SEARCH_USER_PATHS = NO;
				CLANG_ANALYZER_NONNULL = YES;
				CLANG_ANALYZER_NUMBER_OBJECT_CONVERSION = YES_AGGRESSIVE;
				CLANG_CXX_LANGUAGE_STANDARD = "gnu++14";
				CLANG_CXX_LIBRARY = "libc++";
				CLANG_ENABLE_MODULES = YES;
				CLANG_ENABLE_OBJC_ARC = YES;
				CLANG_ENABLE_OBJC_WEAK = YES;
				CLANG_WARN_BLOCK_CAPTURE_AUTORELEASING = YES;
				CLANG_WARN_BOOL_CONVERSION = YES;
				CLANG_WARN_COMMA = YES;
				CLANG_WARN_CONSTANT_CONVERSION = YES;
				CLANG_WARN_DEPRECATED_OBJC_IMPLEMENTATIONS = YES;
				CLANG_WARN_DIRECT_OBJC_ISA_USAGE = YES_ERROR;
				CLANG_WARN_DOCUMENTATION_COMMENTS = YES;
				CLANG_WARN_EMPTY_BODY = YES;
				CLANG_WARN_ENUM_CONVERSION = YES;
				CLANG_WARN_INFINITE_RECURSION = YES;
				CLANG_WARN_INT_CONVERSION = YES;
				CLANG_WARN_NON_LITERAL_NULL_CONVERSION = YES;
				CLANG_WARN_OBJC_IMPLICIT_RETAIN_SELF = YES;
				CLANG_WARN_OBJC_LITERAL_CONVERSION = YES;
				CLANG_WARN_OBJC_ROOT_CLASS = YES_ERROR;
				CLANG_WARN_RANGE_LOOP_ANALYSIS = YES;
				CLANG_WARN_STRICT_PROTOTYPES = YES;
				CLANG_WARN_SUSPICIOUS_MOVE = YES;
				CLANG_WARN_UNGUARDED_AVAILABILITY = YES_AGGRESSIVE;
				CLANG_WARN_UNREACHABLE_CODE = YES;
				CLANG_WARN__DUPLICATE_METHOD_MATCH = YES;
				CODE_SIGN_IDENTITY = "iPhone Developer";
				COPY_PHASE_STRIP = NO;
				DEBUG_INFORMATION_FORMAT = "dwarf-with-dsym";
				ENABLE_NS_ASSERTIONS = NO;
				ENABLE_STRICT_OBJC_MSGSEND = YES;
				GCC_C_LANGUAGE_STANDARD = gnu11;
				GCC_NO_COMMON_BLOCKS = YES;
				GCC_WARN_64_TO_32_BIT_CONVERSION = YES;
				GCC_WARN_ABOUT_RETURN_TYPE = YES_ERROR;
				GCC_WARN_UNDECLARED_SELECTOR = YES;
				GCC_WARN_UNINITIALIZED_AUTOS = YES_AGGRESSIVE;
				GCC_WARN_UNUSED_FUNCTION = YES;
				GCC_WARN_UNUSED_VARIABLE = YES;
				IPHONEOS_DEPLOYMENT_TARGET = 12.1;
				MTL_ENABLE_DEBUG_INFO = NO;
				MTL_FAST_MATH = YES;
				SDKROOT = iphoneos;
				SWIFT_COMPILATION_MODE = wholemodule;
				SWIFT_OPTIMIZATION_LEVEL = "-O";
				VALIDATE_PRODUCT = YES;
			};
			name = Release;
		};
		7E0EE12D21F3D62E001ACE20 /* Debug */ = {
			isa = XCBuildConfiguration;
			buildSettings = {
				ASSETCATALOG_COMPILER_APPICON_NAME = AppIcon;
				CODE_SIGN_STYLE = Automatic;
				INFOPLIST_FILE = RSSReader/Info.plist;
				LD_RUNPATH_SEARCH_PATHS = (
					"$(inherited)",
					"@executable_path/Frameworks",
				);
				PRODUCT_BUNDLE_IDENTIFIER = com.RSSReader.RSSReader;
				PRODUCT_NAME = "$(TARGET_NAME)";
				SWIFT_VERSION = 4.2;
				TARGETED_DEVICE_FAMILY = "1,2";
			};
			name = Debug;
		};
		7E0EE12E21F3D62E001ACE20 /* Release */ = {
			isa = XCBuildConfiguration;
			buildSettings = {
				ASSETCATALOG_COMPILER_APPICON_NAME = AppIcon;
				CODE_SIGN_STYLE = Automatic;
				INFOPLIST_FILE = RSSReader/Info.plist;
				LD_RUNPATH_SEARCH_PATHS = (
					"$(inherited)",
					"@executable_path/Frameworks",
				);
				PRODUCT_BUNDLE_IDENTIFIER = com.RSSReader.RSSReader;
				PRODUCT_NAME = "$(TARGET_NAME)";
				SWIFT_VERSION = 4.2;
				TARGETED_DEVICE_FAMILY = "1,2";
			};
			name = Release;
		};
/* End XCBuildConfiguration section */

/* Begin XCConfigurationList section */
		7E0EE11521F3D62C001ACE20 /* Build configuration list for PBXProject "RSSReader" */ = {
			isa = XCConfigurationList;
			buildConfigurations = (
				7E0EE12A21F3D62E001ACE20 /* Debug */,
				7E0EE12B21F3D62E001ACE20 /* Release */,
			);
			defaultConfigurationIsVisible = 0;
			defaultConfigurationName = Release;
		};
		7E0EE12C21F3D62E001ACE20 /* Build configuration list for PBXNativeTarget "RSSReader" */ = {
			isa = XCConfigurationList;
			buildConfigurations = (
				7E0EE12D21F3D62E001ACE20 /* Debug */,
				7E0EE12E21F3D62E001ACE20 /* Release */,
			);
			defaultConfigurationIsVisible = 0;
			defaultConfigurationName = Release;
		};
/* End XCConfigurationList section */
	};
	rootObject = 7E0EE11221F3D62C001ACE20 /* Project object */;
}
